
Microsoft Visual Studio Solution File, Format Version 12.00
Project("{FAE04EC0-301F-11D3-BF4B-00C04F79EFBC}") = "Lab_1", "Lab_1\Lab_1.csproj", "{A6207AAA-9ED6-4BD2-BE24-5E3C6CE34A47}"
EndProject
Global
	GlobalSection(SolutionConfigurationPlatforms) = preSolution
		Debug|Any CPU = Debug|Any CPU
		Release|Any CPU = Release|Any CPU
	EndGlobalSection
	GlobalSection(ProjectConfigurationPlatforms) = postSolution
		{A6207AAA-9ED6-4BD2-BE24-5E3C6CE34A47}.Debug|Any CPU.ActiveCfg = Debug|Any CPU
		{A6207AAA-9ED6-4BD2-BE24-5E3C6CE34A47}.Debug|Any CPU.Build.0 = Debug|Any CPU
		{A6207AAA-9ED6-4BD2-BE24-5E3C6CE34A47}.Release|Any CPU.ActiveCfg = Release|Any CPU
		{A6207AAA-9ED6-4BD2-BE24-5E3C6CE34A47}.Release|Any CPU.Build.0 = Release|Any CPU
	EndGlobalSection
EndGlobal
